
Microsoft Visual Studio Solution File, Format Version 12.00
# Visual Studio Version 17
VisualStudioVersion = 17.9.34723.18
MinimumVisualStudioVersion = 10.0.40219.1
Project("{FAE04EC0-301F-11D3-BF4B-00C04F79EFBC}") = "Reddit_App", "Reddit_App.csproj", "{B3374997-C9EC-4FCA-A2AE-7C1698F9BD27}"
EndProject
Global
	GlobalSection(SolutionConfigurationPlatforms) = preSolution
		Debug|Any CPU = Debug|Any CPU
		Release|Any CPU = Release|Any CPU
	EndGlobalSection
	GlobalSection(ProjectConfigurationPlatforms) = postSolution
		{B3374997-C9EC-4FCA-A2AE-7C1698F9BD27}.Debug|Any CPU.ActiveCfg = Debug|Any CPU
		{B3374997-C9EC-4FCA-A2AE-7C1698F9BD27}.Debug|Any CPU.Build.0 = Debug|Any CPU
		{B3374997-C9EC-4FCA-A2AE-7C1698F9BD27}.Release|Any CPU.ActiveCfg = Release|Any CPU
		{B3374997-C9EC-4FCA-A2AE-7C1698F9BD27}.Release|Any CPU.Build.0 = Release|Any CPU
	EndGlobalSection
	GlobalSection(SolutionProperties) = preSolution
		HideSolutionNode = FALSE
	EndGlobalSection
	GlobalSection(ExtensibilityGlobals) = postSolution
		SolutionGuid = {5E903D15-972A-462A-A422-35218E57DA67}
	EndGlobalSection
EndGlobal
